<?xml version="1.0" encoding="utf-8"?>
<Project ToolsVersion="4.0" xmlns="http://schemas.microsoft.com/developer/msbuild/2003">
  <ItemGroup>
    <Filter Include="test">
      <UniqueIdentifier>{0302F1EE-56ED-C241-97CD-3D9C1390EE66}</UniqueIdentifier>
    </Filter>
    <Filter Include="test\InverseDynamics">
      <UniqueIdentifier>{FD60C032-B885-A941-88FC-F2114268A441}</UniqueIdentifier>
    </Filter>
  </ItemGroup>
  <ItemGroup>
    <ClCompile Include="..\..\test\InverseDynamics\test_invdyn_jacobian.cpp">
      <Filter>test\InverseDynamics</Filter>
    </ClCompile>
  </ItemGroup>
</Project>
